
Microsoft Visual Studio Solution File, Format Version 12.00
# Visual Studio Version 17
VisualStudioVersion = 17.4.33110.190
MinimumVisualStudioVersion = 10.0.40219.1
Project("{9A19103F-16F7-4668-BE54-9A1E7A4F7556}") = "Dapper-SQL-ASP.NetCore-WebAPI", "Dapper-SQL-ASP.NetCore-WebAPI.csproj", "{2C57CBAD-3CB3-4499-9296-F5C05BCE44AB}"
EndProject
Project("{00D1A9C2-B5F0-4AF3-8072-F6C62B433612}") = "Dapper-SQL-DB", "Dapper-SQL-DB\Dapper-SQL-DB.sqlproj", "{21BEA8A2-C5C4-482B-AE0D-57032290E06E}"
EndProject
Global
	GlobalSection(SolutionConfigurationPlatforms) = preSolution
		Debug|Any CPU = Debug|Any CPU
		Debug|x64 = Debug|x64
		Release|Any CPU = Release|Any CPU
		Release|x64 = Release|x64
	EndGlobalSection
	GlobalSection(ProjectConfigurationPlatforms) = postSolution
		{2C57CBAD-3CB3-4499-9296-F5C05BCE44AB}.Debug|Any CPU.ActiveCfg = Debug|Any CPU
		{2C57CBAD-3CB3-4499-9296-F5C05BCE44AB}.Debug|Any CPU.Build.0 = Debug|Any CPU
		{2C57CBAD-3CB3-4499-9296-F5C05BCE44AB}.Debug|x64.ActiveCfg = Debug|x64
		{2C57CBAD-3CB3-4499-9296-F5C05BCE44AB}.Debug|x64.Build.0 = Debug|x64
		{2C57CBAD-3CB3-4499-9296-F5C05BCE44AB}.Release|Any CPU.ActiveCfg = Release|Any CPU
		{2C57CBAD-3CB3-4499-9296-F5C05BCE44AB}.Release|Any CPU.Build.0 = Release|Any CPU
		{2C57CBAD-3CB3-4499-9296-F5C05BCE44AB}.Release|x64.ActiveCfg = Release|x64
		{2C57CBAD-3CB3-4499-9296-F5C05BCE44AB}.Release|x64.Build.0 = Release|x64
		{21BEA8A2-C5C4-482B-AE0D-57032290E06E}.Debug|Any CPU.ActiveCfg = Debug|Any CPU
		{21BEA8A2-C5C4-482B-AE0D-57032290E06E}.Debug|Any CPU.Build.0 = Debug|Any CPU
		{21BEA8A2-C5C4-482B-AE0D-57032290E06E}.Debug|Any CPU.Deploy.0 = Debug|Any CPU
		{21BEA8A2-C5C4-482B-AE0D-57032290E06E}.Debug|x64.ActiveCfg = Debug|Any CPU
		{21BEA8A2-C5C4-482B-AE0D-57032290E06E}.Debug|x64.Build.0 = Debug|Any CPU
		{21BEA8A2-C5C4-482B-AE0D-57032290E06E}.Debug|x64.Deploy.0 = Debug|Any CPU
		{21BEA8A2-C5C4-482B-AE0D-57032290E06E}.Release|Any CPU.ActiveCfg = Release|Any CPU
		{21BEA8A2-C5C4-482B-AE0D-57032290E06E}.Release|Any CPU.Build.0 = Release|Any CPU
		{21BEA8A2-C5C4-482B-AE0D-57032290E06E}.Release|Any CPU.Deploy.0 = Release|Any CPU
		{21BEA8A2-C5C4-482B-AE0D-57032290E06E}.Release|x64.ActiveCfg = Release|Any CPU
		{21BEA8A2-C5C4-482B-AE0D-57032290E06E}.Release|x64.Build.0 = Release|Any CPU
		{21BEA8A2-C5C4-482B-AE0D-57032290E06E}.Release|x64.Deploy.0 = Release|Any CPU
	EndGlobalSection
	GlobalSection(SolutionProperties) = preSolution
		HideSolutionNode = FALSE
	EndGlobalSection
	GlobalSection(ExtensibilityGlobals) = postSolution
		SolutionGuid = {337DCBDF-0053-4D93-AA2D-A40F000EB717}
	EndGlobalSection
EndGlobal
